// !$*UTF8*$!
{
	archiveVersion = 1;
	classes = {
	};
	objectVersion = 50;
	objects = {

/* Begin PBXBuildFile section */
		AADCEF4D216B60BF0054C218 /* AppDelegate.swift in Sources */ = {isa = PBXBuildFile; fileRef = AADCEF4C216B60BF0054C218 /* AppDelegate.swift */; };
		AADCEF4F216B60BF0054C218 /* ViewController.swift in Sources */ = {isa = PBXBuildFile; fileRef = AADCEF4E216B60BF0054C218 /* ViewController.swift */; };
		AADCEF52216B60BF0054C218 /* Main.storyboard in Resources */ = {isa = PBXBuildFile; fileRef = AADCEF50216B60BF0054C218 /* Main.storyboard */; };
		AADCEF54216B60C10054C218 /* Assets.xcassets in Resources */ = {isa = PBXBuildFile; fileRef = AADCEF53216B60C10054C218 /* Assets.xcassets */; };
		AADCEF57216B60C10054C218 /* LaunchScreen.storyboard in Resources */ = {isa = PBXBuildFile; fileRef = AADCEF55216B60C10054C218 /* LaunchScreen.storyboard */; };
		AADCEF60216B664A0054C218 /* README.md in Resources */ = {isa = PBXBuildFile; fileRef = AADCEF5F216B664A0054C218 /* README.md */; };
		AADCEF63216C0E360054C218 /* HulkView.swift in Sources */ = {isa = PBXBuildFile; fileRef = AADCEF62216C0E360054C218 /* HulkView.swift */; };
/* End PBXBuildFile section */

/* Begin PBXFileReference section */
		AADCEF49216B60BF0054C218 /* Subview and Superview.app */ = {isa = PBXFileReference; explicitFileType = wrapper.application; includeInIndex = 0; path = "Subview and Superview.app"; sourceTree = BUILT_PRODUCTS_DIR; };
		AADCEF4C216B60BF0054C218 /* AppDelegate.swift */ = {isa = PBXFileReference; lastKnownFileType = sourcecode.swift; path = AppDelegate.swift; sourceTree = "<group>"; };
		AADCEF4E216B60BF0054C218 /* ViewController.swift */ = {isa = PBXFileReference; lastKnownFileType = sourcecode.swift; path = ViewController.swift; sourceTree = "<group>"; };
		AADCEF51216B60BF0054C218 /* Base */ = {isa = PBXFileReference; lastKnownFileType = file.storyboard; name = Base; path = Base.lproj/Main.storyboard; sourceTree = "<group>"; };
		AADCEF53216B60C10054C218 /* Assets.xcassets */ = {isa = PBXFileReference; lastKnownFileType = folder.assetcatalog; path = Assets.xcassets; sourceTree = "<group>"; };
		AADCEF56216B60C10054C218 /* Base */ = {isa = PBXFileReference; lastKnownFileType = file.storyboard; name = Base; path = Base.lproj/LaunchScreen.storyboard; sourceTree = "<group>"; };
		AADCEF58216B60C10054C218 /* Info.plist */ = {isa = PBXFileReference; lastKnownFileType = text.plist.xml; path = Info.plist; sourceTree = "<group>"; };
		AADCEF5F216B664A0054C218 /* README.md */ = {isa = PBXFileReference; fileEncoding = 4; lastKnownFileType = net.daringfireball.markdown; path = README.md; sourceTree = "<group>"; };
		AADCEF62216C0E360054C218 /* HulkView.swift */ = {isa = PBXFileReference; lastKnownFileType = sourcecode.swift; path = HulkView.swift; sourceTree = "<group>"; };
/* End PBXFileReference section */

/* Begin PBXFrameworksBuildPhase section */
		AADCEF46216B60BF0054C218 /* Frameworks */ = {
			isa = PBXFrameworksBuildPhase;
			buildActionMask = 2147483647;
			files = (
			);
			runOnlyForDeploymentPostprocessing = 0;
		};
/* End PBXFrameworksBuildPhase section */

/* Begin PBXGroup section */
		AADCEF40216B60BF0054C218 = {
			isa = PBXGroup;
			children = (
				AADCEF5F216B664A0054C218 /* README.md */,
				AADCEF4B216B60BF0054C218 /* Subview and Superview */,
				AADCEF4A216B60BF0054C218 /* Products */,
			);
			sourceTree = "<group>";
		};
		AADCEF4A216B60BF0054C218 /* Products */ = {
			isa = PBXGroup;
			children = (
				AADCEF49216B60BF0054C218 /* Subview and Superview.app */,
			);
			name = Products;
			sourceTree = "<group>";
		};
		AADCEF4B216B60BF0054C218 /* Subview and Superview */ = {
			isa = PBXGroup;
			children = (
				AADCEF4C216B60BF0054C218 /* AppDelegate.swift */,
				AADCEF4E216B60BF0054C218 /* ViewController.swift */,
				AADCEF62216C0E360054C218 /* HulkView.swift */,
				AADCEF50216B60BF0054C218 /* Main.storyboard */,
				AADCEF53216B60C10054C218 /* Assets.xcassets */,
				AADCEF55216B60C10054C218 /* LaunchScreen.storyboard */,
				AADCEF58216B60C10054C218 /* Info.plist */,
			);
			path = "Subview and Superview";
			sourceTree = "<group>";
		};
/* End PBXGroup section */

/* Begin PBXNativeTarget section */
		AADCEF48216B60BF0054C218 /* Subview and Superview */ = {
			isa = PBXNativeTarget;
			buildConfigurationList = AADCEF5B216B60C10054C218 /* Build configuration list for PBXNativeTarget "Subview and Superview" */;
			buildPhases = (
				AADCEF45216B60BF0054C218 /* Sources */,
				AADCEF46216B60BF0054C218 /* Frameworks */,
				AADCEF47216B60BF0054C218 /* Resources */,
			);
			buildRules = (
			);
			dependencies = (
			);
			name = "Subview and Superview";
			productName = "Subview and Superview";
			productReference = AADCEF49216B60BF0054C218 /* Subview and Superview.app */;
			productType = "com.apple.product-type.application";
		};
/* End PBXNativeTarget section */

/* Begin PBXProject section */
		AADCEF41216B60BF0054C218 /* Project object */ = {
			isa = PBXProject;
			attributes = {
				LastSwiftUpdateCheck = 1000;
				LastUpgradeCheck = 1000;
				ORGANIZATIONNAME = christian.miranti;
				TargetAttributes = {
					AADCEF48216B60BF0054C218 = {
						CreatedOnToolsVersion = 10.0;
					};
				};
			};
			buildConfigurationList = AADCEF44216B60BF0054C218 /* Build configuration list for PBXProject "Subview and Superview" */;
			compatibilityVersion = "Xcode 9.3";
			developmentRegion = en;
			hasScannedForEncodings = 0;
			knownRegions = (
				en,
				Base,
			);
			mainGroup = AADCEF40216B60BF0054C218;
			productRefGroup = AADCEF4A216B60BF0054C218 /* Products */;
			projectDirPath = "";
			projectRoot = "";
			targets = (
				AADCEF48216B60BF0054C218 /* Subview and Superview */,
			);
		};
/* End PBXProject section */

/* Begin PBXResourcesBuildPhase section */
		AADCEF47216B60BF0054C218 /* Resources */ = {
			isa = PBXResourcesBuildPhase;
			buildActionMask = 2147483647;
			files = (
				AADCEF57216B60C10054C218 /* LaunchScreen.storyboard in Resources */,
				AADCEF54216B60C10054C218 /* Assets.xcassets in Resources */,
				AADCEF60216B664A0054C218 /* README.md in Resources */,
				AADCEF52216B60BF0054C218 /* Main.storyboard in Resources */,
			);
			runOnlyForDeploymentPostprocessing = 0;
		};
/* End PBXResourcesBuildPhase section */

/* Begin PBXSourcesBuildPhase section */
		AADCEF45216B60BF0054C218 /* Sources */ = {
			isa = PBXSourcesBuildPhase;
			buildActionMask = 2147483647;
			files = (
				AADCEF63216C0E360054C218 /* HulkView.swift in Sources */,
				AADCEF4F216B60BF0054C218 /* ViewController.swift in Sources */,
				AADCEF4D216B60BF0054C218 /* AppDelegate.swift in Sources */,
			);
			runOnlyForDeploymentPostprocessing = 0;
		};
/* End PBXSourcesBuildPhase section */

/* Begin PBXVariantGroup section */
		AADCEF50216B60BF0054C218 /* Main.storyboard */ = {
			isa = PBXVariantGroup;
			children = (
				AADCEF51216B60BF0054C218 /* Base */,
			);
			name = Main.storyboard;
			sourceTree = "<group>";
		};
		AADCEF55216B60C10054C218 /* LaunchScreen.storyboard */ = {
			isa = PBXVariantGroup;
			children = (
				AADCEF56216B60C10054C218 /* Base */,
			);
			name = LaunchScreen.storyboard;
			sourceTree = "<group>";
		};
/* End PBXVariantGroup section */

/* Begin XCBuildConfiguration section */
		AADCEF59216B60C10054C218 /* Debug */ = {
			isa = XCBuildConfiguration;
			buildSettings = {
				ALWAYS_SEARCH_USER_PATHS = NO;
				CLANG_ANALYZER_NONNULL = YES;
				CLANG_ANALYZER_NUMBER_OBJECT_CONVERSION = YES_AGGRESSIVE;
				CLANG_CXX_LANGUAGE_STANDARD = "gnu++14";
				CLANG_CXX_LIBRARY = "libc++";
				CLANG_ENABLE_MODULES = YES;
				CLANG_ENABLE_OBJC_ARC = YES;
				CLANG_ENABLE_OBJC_WEAK = YES;
				CLANG_WARN_BLOCK_CAPTURE_AUTORELEASING = YES;
				CLANG_WARN_BOOL_CONVERSION = YES;
				CLANG_WARN_COMMA = YES;
				CLANG_WARN_CONSTANT_CONVERSION = YES;
				CLANG_WARN_DEPRECATED_OBJC_IMPLEMENTATIONS = YES;
				CLANG_WARN_DIRECT_OBJC_ISA_USAGE = YES_ERROR;
				CLANG_WARN_DOCUMENTATION_COMMENTS = YES;
				CLANG_WARN_EMPTY_BODY = YES;
				CLANG_WARN_ENUM_CONVERSION = YES;
				CLANG_WARN_INFINITE_RECURSION = YES;
				CLANG_WARN_INT_CONVERSION = YES;
				CLANG_WARN_NON_LITERAL_NULL_CONVERSION = YES;
				CLANG_WARN_OBJC_IMPLICIT_RETAIN_SELF = YES;
				CLANG_WARN_OBJC_LITERAL_CONVERSION = YES;
				CLANG_WARN_OBJC_ROOT_CLASS = YES_ERROR;
				CLANG_WARN_RANGE_LOOP_ANALYSIS = YES;
				CLANG_WARN_STRICT_PROTOTYPES = YES;
				CLANG_WARN_SUSPICIOUS_MOVE = YES;
				CLANG_WARN_UNGUARDED_AVAILABILITY = YES_AGGRESSIVE;
				CLANG_WARN_UNREACHABLE_CODE = YES;
				CLANG_WARN__DUPLICATE_METHOD_MATCH = YES;
				CODE_SIGN_IDENTITY = "iPhone Developer";
				COPY_PHASE_STRIP = NO;
				DEBUG_INFORMATION_FORMAT = dwarf;
				ENABLE_STRICT_OBJC_MSGSEND = YES;
				ENABLE_TESTABILITY = YES;
				GCC_C_LANGUAGE_STANDARD = gnu11;
				GCC_DYNAMIC_NO_PIC = NO;
				GCC_NO_COMMON_BLOCKS = YES;
				GCC_OPTIMIZATION_LEVEL = 0;
				GCC_PREPROCESSOR_DEFINITIONS = (
					"DEBUG=1",
					"$(inherited)",
				);
				GCC_WARN_64_TO_32_BIT_CONVERSION = YES;
				GCC_WARN_ABOUT_RETURN_TYPE = YES_ERROR;
				GCC_WARN_UNDECLARED_SELECTOR = YES;
				GCC_WARN_UNINITIALIZED_AUTOS = YES_AGGRESSIVE;
				GCC_WARN_UNUSED_FUNCTION = YES;
				GCC_WARN_UNUSED_VARIABLE = YES;
				IPHONEOS_DEPLOYMENT_TARGET = 12.0;
				MTL_ENABLE_DEBUG_INFO = INCLUDE_SOURCE;
				MTL_FAST_MATH = YES;
				ONLY_ACTIVE_ARCH = YES;
				SDKROOT = iphoneos;
				SWIFT_ACTIVE_COMPILATION_CONDITIONS = DEBUG;
				SWIFT_OPTIMIZATION_LEVEL = "-Onone";
			};
			name = Debug;
		};
		AADCEF5A216B60C10054C218 /* Release */ = {
			isa = XCBuildConfiguration;
			buildSettings = {
				ALWAYS_SEARCH_USER_PATHS = NO;
				CLANG_ANALYZER_NONNULL = YES;
				CLANG_ANALYZER_NUMBER_OBJECT_CONVERSION = YES_AGGRESSIVE;
				CLANG_CXX_LANGUAGE_STANDARD = "gnu++14";
				CLANG_CXX_LIBRARY = "libc++";
				CLANG_ENABLE_MODULES = YES;
				CLANG_ENABLE_OBJC_ARC = YES;
				CLANG_ENABLE_OBJC_WEAK = YES;
				CLANG_WARN_BLOCK_CAPTURE_AUTORELEASING = YES;
				CLANG_WARN_BOOL_CONVERSION = YES;
				CLANG_WARN_COMMA = YES;
				CLANG_WARN_CONSTANT_CONVERSION = YES;
				CLANG_WARN_DEPRECATED_OBJC_IMPLEMENTATIONS = YES;
				CLANG_WARN_DIRECT_OBJC_ISA_USAGE = YES_ERROR;
				CLANG_WARN_DOCUMENTATION_COMMENTS = YES;
				CLANG_WARN_EMPTY_BODY = YES;
				CLANG_WARN_ENUM_CONVERSION = YES;
				CLANG_WARN_INFINITE_RECURSION = YES;
				CLANG_WARN_INT_CONVERSION = YES;
				CLANG_WARN_NON_LITERAL_NULL_CONVERSION = YES;
				CLANG_WARN_OBJC_IMPLICIT_RETAIN_SELF = YES;
				CLANG_WARN_OBJC_LITERAL_CONVERSION = YES;
				CLANG_WARN_OBJC_ROOT_CLASS = YES_ERROR;
				CLANG_WARN_RANGE_LOOP_ANALYSIS = YES;
				CLANG_WARN_STRICT_PROTOTYPES = YES;
				CLANG_WARN_SUSPICIOUS_MOVE = YES;
				CLANG_WARN_UNGUARDED_AVAILABILITY = YES_AGGRESSIVE;
				CLANG_WARN_UNREACHABLE_CODE = YES;
				CLANG_WARN__DUPLICATE_METHOD_MATCH = YES;
				CODE_SIGN_IDENTITY = "iPhone Developer";
				COPY_PHASE_STRIP = NO;
				DEBUG_INFORMATION_FORMAT = "dwarf-with-dsym";
				ENABLE_NS_ASSERTIONS = NO;
				ENABLE_STRICT_OBJC_MSGSEND = YES;
				GCC_C_LANGUAGE_STANDARD = gnu11;
				GCC_NO_COMMON_BLOCKS = YES;
				GCC_WARN_64_TO_32_BIT_CONVERSION = YES;
				GCC_WARN_ABOUT_RETURN_TYPE = YES_ERROR;
				GCC_WARN_UNDECLARED_SELECTOR = YES;
				GCC_WARN_UNINITIALIZED_AUTOS = YES_AGGRESSIVE;
				GCC_WARN_UNUSED_FUNCTION = YES;
				GCC_WARN_UNUSED_VARIABLE = YES;
				IPHONEOS_DEPLOYMENT_TARGET = 12.0;
				MTL_ENABLE_DEBUG_INFO = NO;
				MTL_FAST_MATH = YES;
				SDKROOT = iphoneos;
				SWIFT_COMPILATION_MODE = wholemodule;
				SWIFT_OPTIMIZATION_LEVEL = "-O";
				VALIDATE_PRODUCT = YES;
			};
			name = Release;
		};
		AADCEF5C216B60C10054C218 /* Debug */ = {
			isa = XCBuildConfiguration;
			buildSettings = {
				ASSETCATALOG_COMPILER_APPICON_NAME = AppIcon;
				CODE_SIGN_STYLE = Automatic;
				DEVELOPMENT_TEAM = 4Q9TT86Q67;
				INFOPLIST_FILE = "Subview and Superview/Info.plist";
				LD_RUNPATH_SEARCH_PATHS = (
					"$(inherited)",
					"@executable_path/Frameworks",
				);
				PRODUCT_BUNDLE_IDENTIFIER = "it.christian.miranti.Subview-and-Superview";
				PRODUCT_NAME = "$(TARGET_NAME)";
				SWIFT_VERSION = 4.2;
				TARGETED_DEVICE_FAMILY = "1,2";
			};
			name = Debug;
		};
		AADCEF5D216B60C10054C218 /* Release */ = {
			isa = XCBuildConfiguration;
			buildSettings = {
				ASSETCATALOG_COMPILER_APPICON_NAME = AppIcon;
				CODE_SIGN_STYLE = Automatic;
				DEVELOPMENT_TEAM = 4Q9TT86Q67;
				INFOPLIST_FILE = "Subview and Superview/Info.plist";
				LD_RUNPATH_SEARCH_PATHS = (
					"$(inherited)",
					"@executable_path/Frameworks",
				);
				PRODUCT_BUNDLE_IDENTIFIER = "it.christian.miranti.Subview-and-Superview";
				PRODUCT_NAME = "$(TARGET_NAME)";
				SWIFT_VERSION = 4.2;
				TARGETED_DEVICE_FAMILY = "1,2";
			};
			name = Release;
		};
/* End XCBuildConfiguration section */

/* Begin XCConfigurationList section */
		AADCEF44216B60BF0054C218 /* Build configuration list for PBXProject "Subview and Superview" */ = {
			isa = XCConfigurationList;
			buildConfigurations = (
				AADCEF59216B60C10054C218 /* Debug */,
				AADCEF5A216B60C10054C218 /* Release */,
			);
			defaultConfigurationIsVisible = 0;
			defaultConfigurationName = Release;
		};
		AADCEF5B216B60C10054C218 /* Build configuration list for PBXNativeTarget "Subview and Superview" */ = {
			isa = XCConfigurationList;
			buildConfigurations = (
				AADCEF5C216B60C10054C218 /* Debug */,
				AADCEF5D216B60C10054C218 /* Release */,
			);
			defaultConfigurationIsVisible = 0;
			defaultConfigurationName = Release;
		};
/* End XCConfigurationList section */
	};
	rootObject = AADCEF41216B60BF0054C218 /* Project object */;
}
