// !$*UTF8*$!
{
	archiveVersion = 1;
	classes = {
	};
	objectVersion = 50;
	objects = {

/* Begin PBXBuildFile section */
		AADCEF2E2169ED8E0054C218 /* AppDelegate.swift in Sources */ = {isa = PBXBuildFile; fileRef = AADCEF2D2169ED8E0054C218 /* AppDelegate.swift */; };
		AADCEF302169ED8E0054C218 /* ViewController.swift in Sources */ = {isa = PBXBuildFile; fileRef = AADCEF2F2169ED8E0054C218 /* ViewController.swift */; };
		AADCEF332169ED8E0054C218 /* Main.storyboard in Resources */ = {isa = PBXBuildFile; fileRef = AADCEF312169ED8E0054C218 /* Main.storyboard */; };
		AADCEF352169ED8E0054C218 /* Assets.xcassets in Resources */ = {isa = PBXBuildFile; fileRef = AADCEF342169ED8E0054C218 /* Assets.xcassets */; };
		AADCEF382169ED8E0054C218 /* LaunchScreen.storyboard in Resources */ = {isa = PBXBuildFile; fileRef = AADCEF362169ED8E0054C218 /* LaunchScreen.storyboard */; };
/* End PBXBuildFile section */

/* Begin PBXFileReference section */
		AADCEF2A2169ED8E0054C218 /* How an app launches.app */ = {isa = PBXFileReference; explicitFileType = wrapper.application; includeInIndex = 0; path = "How an app launches.app"; sourceTree = BUILT_PRODUCTS_DIR; };
		AADCEF2D2169ED8E0054C218 /* AppDelegate.swift */ = {isa = PBXFileReference; lastKnownFileType = sourcecode.swift; path = AppDelegate.swift; sourceTree = "<group>"; };
		AADCEF2F2169ED8E0054C218 /* ViewController.swift */ = {isa = PBXFileReference; lastKnownFileType = sourcecode.swift; path = ViewController.swift; sourceTree = "<group>"; };
		AADCEF322169ED8E0054C218 /* Base */ = {isa = PBXFileReference; lastKnownFileType = file.storyboard; name = Base; path = Base.lproj/Main.storyboard; sourceTree = "<group>"; };
		AADCEF342169ED8E0054C218 /* Assets.xcassets */ = {isa = PBXFileReference; lastKnownFileType = folder.assetcatalog; path = Assets.xcassets; sourceTree = "<group>"; };
		AADCEF372169ED8E0054C218 /* Base */ = {isa = PBXFileReference; lastKnownFileType = file.storyboard; name = Base; path = Base.lproj/LaunchScreen.storyboard; sourceTree = "<group>"; };
		AADCEF392169ED8E0054C218 /* Info.plist */ = {isa = PBXFileReference; lastKnownFileType = text.plist.xml; path = Info.plist; sourceTree = "<group>"; };
		AADCEF3F2169EDE20054C218 /* README.md */ = {isa = PBXFileReference; lastKnownFileType = net.daringfireball.markdown; path = README.md; sourceTree = "<group>"; };
/* End PBXFileReference section */

/* Begin PBXFrameworksBuildPhase section */
		AADCEF272169ED8E0054C218 /* Frameworks */ = {
			isa = PBXFrameworksBuildPhase;
			buildActionMask = 2147483647;
			files = (
			);
			runOnlyForDeploymentPostprocessing = 0;
		};
/* End PBXFrameworksBuildPhase section */

/* Begin PBXGroup section */
		AADCEF212169ED8E0054C218 = {
			isa = PBXGroup;
			children = (
				AADCEF3F2169EDE20054C218 /* README.md */,
				AADCEF2C2169ED8E0054C218 /* How an app launches */,
				AADCEF2B2169ED8E0054C218 /* Products */,
			);
			sourceTree = "<group>";
		};
		AADCEF2B2169ED8E0054C218 /* Products */ = {
			isa = PBXGroup;
			children = (
				AADCEF2A2169ED8E0054C218 /* How an app launches.app */,
			);
			name = Products;
			sourceTree = "<group>";
		};
		AADCEF2C2169ED8E0054C218 /* How an app launches */ = {
			isa = PBXGroup;
			children = (
				AADCEF2D2169ED8E0054C218 /* AppDelegate.swift */,
				AADCEF2F2169ED8E0054C218 /* ViewController.swift */,
				AADCEF312169ED8E0054C218 /* Main.storyboard */,
				AADCEF342169ED8E0054C218 /* Assets.xcassets */,
				AADCEF362169ED8E0054C218 /* LaunchScreen.storyboard */,
				AADCEF392169ED8E0054C218 /* Info.plist */,
			);
			path = "How an app launches";
			sourceTree = "<group>";
		};
/* End PBXGroup section */

/* Begin PBXNativeTarget section */
		AADCEF292169ED8E0054C218 /* How an app launches */ = {
			isa = PBXNativeTarget;
			buildConfigurationList = AADCEF3C2169ED8E0054C218 /* Build configuration list for PBXNativeTarget "How an app launches" */;
			buildPhases = (
				AADCEF262169ED8E0054C218 /* Sources */,
				AADCEF272169ED8E0054C218 /* Frameworks */,
				AADCEF282169ED8E0054C218 /* Resources */,
			);
			buildRules = (
			);
			dependencies = (
			);
			name = "How an app launches";
			productName = "How an app launches";
			productReference = AADCEF2A2169ED8E0054C218 /* How an app launches.app */;
			productType = "com.apple.product-type.application";
		};
/* End PBXNativeTarget section */

/* Begin PBXProject section */
		AADCEF222169ED8E0054C218 /* Project object */ = {
			isa = PBXProject;
			attributes = {
				LastSwiftUpdateCheck = 1000;
				LastUpgradeCheck = 1000;
				ORGANIZATIONNAME = christian.miranti;
				TargetAttributes = {
					AADCEF292169ED8E0054C218 = {
						CreatedOnToolsVersion = 10.0;
					};
				};
			};
			buildConfigurationList = AADCEF252169ED8E0054C218 /* Build configuration list for PBXProject "How an app launches" */;
			compatibilityVersion = "Xcode 9.3";
			developmentRegion = en;
			hasScannedForEncodings = 0;
			knownRegions = (
				en,
				Base,
			);
			mainGroup = AADCEF212169ED8E0054C218;
			productRefGroup = AADCEF2B2169ED8E0054C218 /* Products */;
			projectDirPath = "";
			projectRoot = "";
			targets = (
				AADCEF292169ED8E0054C218 /* How an app launches */,
			);
		};
/* End PBXProject section */

/* Begin PBXResourcesBuildPhase section */
		AADCEF282169ED8E0054C218 /* Resources */ = {
			isa = PBXResourcesBuildPhase;
			buildActionMask = 2147483647;
			files = (
				AADCEF382169ED8E0054C218 /* LaunchScreen.storyboard in Resources */,
				AADCEF352169ED8E0054C218 /* Assets.xcassets in Resources */,
				AADCEF332169ED8E0054C218 /* Main.storyboard in Resources */,
			);
			runOnlyForDeploymentPostprocessing = 0;
		};
/* End PBXResourcesBuildPhase section */

/* Begin PBXSourcesBuildPhase section */
		AADCEF262169ED8E0054C218 /* Sources */ = {
			isa = PBXSourcesBuildPhase;
			buildActionMask = 2147483647;
			files = (
				AADCEF302169ED8E0054C218 /* ViewController.swift in Sources */,
				AADCEF2E2169ED8E0054C218 /* AppDelegate.swift in Sources */,
			);
			runOnlyForDeploymentPostprocessing = 0;
		};
/* End PBXSourcesBuildPhase section */

/* Begin PBXVariantGroup section */
		AADCEF312169ED8E0054C218 /* Main.storyboard */ = {
			isa = PBXVariantGroup;
			children = (
				AADCEF322169ED8E0054C218 /* Base */,
			);
			name = Main.storyboard;
			sourceTree = "<group>";
		};
		AADCEF362169ED8E0054C218 /* LaunchScreen.storyboard */ = {
			isa = PBXVariantGroup;
			children = (
				AADCEF372169ED8E0054C218 /* Base */,
			);
			name = LaunchScreen.storyboard;
			sourceTree = "<group>";
		};
/* End PBXVariantGroup section */

/* Begin XCBuildConfiguration section */
		AADCEF3A2169ED8E0054C218 /* Debug */ = {
			isa = XCBuildConfiguration;
			buildSettings = {
				ALWAYS_SEARCH_USER_PATHS = NO;
				CLANG_ANALYZER_NONNULL = YES;
				CLANG_ANALYZER_NUMBER_OBJECT_CONVERSION = YES_AGGRESSIVE;
				CLANG_CXX_LANGUAGE_STANDARD = "gnu++14";
				CLANG_CXX_LIBRARY = "libc++";
				CLANG_ENABLE_MODULES = YES;
				CLANG_ENABLE_OBJC_ARC = YES;
				CLANG_ENABLE_OBJC_WEAK = YES;
				CLANG_WARN_BLOCK_CAPTURE_AUTORELEASING = YES;
				CLANG_WARN_BOOL_CONVERSION = YES;
				CLANG_WARN_COMMA = YES;
				CLANG_WARN_CONSTANT_CONVERSION = YES;
				CLANG_WARN_DEPRECATED_OBJC_IMPLEMENTATIONS = YES;
				CLANG_WARN_DIRECT_OBJC_ISA_USAGE = YES_ERROR;
				CLANG_WARN_DOCUMENTATION_COMMENTS = YES;
				CLANG_WARN_EMPTY_BODY = YES;
				CLANG_WARN_ENUM_CONVERSION = YES;
				CLANG_WARN_INFINITE_RECURSION = YES;
				CLANG_WARN_INT_CONVERSION = YES;
				CLANG_WARN_NON_LITERAL_NULL_CONVERSION = YES;
				CLANG_WARN_OBJC_IMPLICIT_RETAIN_SELF = YES;
				CLANG_WARN_OBJC_LITERAL_CONVERSION = YES;
				CLANG_WARN_OBJC_ROOT_CLASS = YES_ERROR;
				CLANG_WARN_RANGE_LOOP_ANALYSIS = YES;
				CLANG_WARN_STRICT_PROTOTYPES = YES;
				CLANG_WARN_SUSPICIOUS_MOVE = YES;
				CLANG_WARN_UNGUARDED_AVAILABILITY = YES_AGGRESSIVE;
				CLANG_WARN_UNREACHABLE_CODE = YES;
				CLANG_WARN__DUPLICATE_METHOD_MATCH = YES;
				CODE_SIGN_IDENTITY = "iPhone Developer";
				COPY_PHASE_STRIP = NO;
				DEBUG_INFORMATION_FORMAT = dwarf;
				ENABLE_STRICT_OBJC_MSGSEND = YES;
				ENABLE_TESTABILITY = YES;
				GCC_C_LANGUAGE_STANDARD = gnu11;
				GCC_DYNAMIC_NO_PIC = NO;
				GCC_NO_COMMON_BLOCKS = YES;
				GCC_OPTIMIZATION_LEVEL = 0;
				GCC_PREPROCESSOR_DEFINITIONS = (
					"DEBUG=1",
					"$(inherited)",
				);
				GCC_WARN_64_TO_32_BIT_CONVERSION = YES;
				GCC_WARN_ABOUT_RETURN_TYPE = YES_ERROR;
				GCC_WARN_UNDECLARED_SELECTOR = YES;
				GCC_WARN_UNINITIALIZED_AUTOS = YES_AGGRESSIVE;
				GCC_WARN_UNUSED_FUNCTION = YES;
				GCC_WARN_UNUSED_VARIABLE = YES;
				IPHONEOS_DEPLOYMENT_TARGET = 12.0;
				MTL_ENABLE_DEBUG_INFO = INCLUDE_SOURCE;
				MTL_FAST_MATH = YES;
				ONLY_ACTIVE_ARCH = YES;
				SDKROOT = iphoneos;
				SWIFT_ACTIVE_COMPILATION_CONDITIONS = DEBUG;
				SWIFT_OPTIMIZATION_LEVEL = "-Onone";
			};
			name = Debug;
		};
		AADCEF3B2169ED8E0054C218 /* Release */ = {
			isa = XCBuildConfiguration;
			buildSettings = {
				ALWAYS_SEARCH_USER_PATHS = NO;
				CLANG_ANALYZER_NONNULL = YES;
				CLANG_ANALYZER_NUMBER_OBJECT_CONVERSION = YES_AGGRESSIVE;
				CLANG_CXX_LANGUAGE_STANDARD = "gnu++14";
				CLANG_CXX_LIBRARY = "libc++";
				CLANG_ENABLE_MODULES = YES;
				CLANG_ENABLE_OBJC_ARC = YES;
				CLANG_ENABLE_OBJC_WEAK = YES;
				CLANG_WARN_BLOCK_CAPTURE_AUTORELEASING = YES;
				CLANG_WARN_BOOL_CONVERSION = YES;
				CLANG_WARN_COMMA = YES;
				CLANG_WARN_CONSTANT_CONVERSION = YES;
				CLANG_WARN_DEPRECATED_OBJC_IMPLEMENTATIONS = YES;
				CLANG_WARN_DIRECT_OBJC_ISA_USAGE = YES_ERROR;
				CLANG_WARN_DOCUMENTATION_COMMENTS = YES;
				CLANG_WARN_EMPTY_BODY = YES;
				CLANG_WARN_ENUM_CONVERSION = YES;
				CLANG_WARN_INFINITE_RECURSION = YES;
				CLANG_WARN_INT_CONVERSION = YES;
				CLANG_WARN_NON_LITERAL_NULL_CONVERSION = YES;
				CLANG_WARN_OBJC_IMPLICIT_RETAIN_SELF = YES;
				CLANG_WARN_OBJC_LITERAL_CONVERSION = YES;
				CLANG_WARN_OBJC_ROOT_CLASS = YES_ERROR;
				CLANG_WARN_RANGE_LOOP_ANALYSIS = YES;
				CLANG_WARN_STRICT_PROTOTYPES = YES;
				CLANG_WARN_SUSPICIOUS_MOVE = YES;
				CLANG_WARN_UNGUARDED_AVAILABILITY = YES_AGGRESSIVE;
				CLANG_WARN_UNREACHABLE_CODE = YES;
				CLANG_WARN__DUPLICATE_METHOD_MATCH = YES;
				CODE_SIGN_IDENTITY = "iPhone Developer";
				COPY_PHASE_STRIP = NO;
				DEBUG_INFORMATION_FORMAT = "dwarf-with-dsym";
				ENABLE_NS_ASSERTIONS = NO;
				ENABLE_STRICT_OBJC_MSGSEND = YES;
				GCC_C_LANGUAGE_STANDARD = gnu11;
				GCC_NO_COMMON_BLOCKS = YES;
				GCC_WARN_64_TO_32_BIT_CONVERSION = YES;
				GCC_WARN_ABOUT_RETURN_TYPE = YES_ERROR;
				GCC_WARN_UNDECLARED_SELECTOR = YES;
				GCC_WARN_UNINITIALIZED_AUTOS = YES_AGGRESSIVE;
				GCC_WARN_UNUSED_FUNCTION = YES;
				GCC_WARN_UNUSED_VARIABLE = YES;
				IPHONEOS_DEPLOYMENT_TARGET = 12.0;
				MTL_ENABLE_DEBUG_INFO = NO;
				MTL_FAST_MATH = YES;
				SDKROOT = iphoneos;
				SWIFT_COMPILATION_MODE = wholemodule;
				SWIFT_OPTIMIZATION_LEVEL = "-O";
				VALIDATE_PRODUCT = YES;
			};
			name = Release;
		};
		AADCEF3D2169ED8E0054C218 /* Debug */ = {
			isa = XCBuildConfiguration;
			buildSettings = {
				ASSETCATALOG_COMPILER_APPICON_NAME = AppIcon;
				CODE_SIGN_STYLE = Automatic;
				DEVELOPMENT_TEAM = 4Q9TT86Q67;
				INFOPLIST_FILE = "How an app launches/Info.plist";
				LD_RUNPATH_SEARCH_PATHS = (
					"$(inherited)",
					"@executable_path/Frameworks",
				);
				PRODUCT_BUNDLE_IDENTIFIER = "it.christian.miranti.How-an-app-launches";
				PRODUCT_NAME = "$(TARGET_NAME)";
				SWIFT_VERSION = 4.2;
				TARGETED_DEVICE_FAMILY = "1,2";
			};
			name = Debug;
		};
		AADCEF3E2169ED8E0054C218 /* Release */ = {
			isa = XCBuildConfiguration;
			buildSettings = {
				ASSETCATALOG_COMPILER_APPICON_NAME = AppIcon;
				CODE_SIGN_STYLE = Automatic;
				DEVELOPMENT_TEAM = 4Q9TT86Q67;
				INFOPLIST_FILE = "How an app launches/Info.plist";
				LD_RUNPATH_SEARCH_PATHS = (
					"$(inherited)",
					"@executable_path/Frameworks",
				);
				PRODUCT_BUNDLE_IDENTIFIER = "it.christian.miranti.How-an-app-launches";
				PRODUCT_NAME = "$(TARGET_NAME)";
				SWIFT_VERSION = 4.2;
				TARGETED_DEVICE_FAMILY = "1,2";
			};
			name = Release;
		};
/* End XCBuildConfiguration section */

/* Begin XCConfigurationList section */
		AADCEF252169ED8E0054C218 /* Build configuration list for PBXProject "How an app launches" */ = {
			isa = XCConfigurationList;
			buildConfigurations = (
				AADCEF3A2169ED8E0054C218 /* Debug */,
				AADCEF3B2169ED8E0054C218 /* Release */,
			);
			defaultConfigurationIsVisible = 0;
			defaultConfigurationName = Release;
		};
		AADCEF3C2169ED8E0054C218 /* Build configuration list for PBXNativeTarget "How an app launches" */ = {
			isa = XCConfigurationList;
			buildConfigurations = (
				AADCEF3D2169ED8E0054C218 /* Debug */,
				AADCEF3E2169ED8E0054C218 /* Release */,
			);
			defaultConfigurationIsVisible = 0;
			defaultConfigurationName = Release;
		};
/* End XCConfigurationList section */
	};
	rootObject = AADCEF222169ED8E0054C218 /* Project object */;
}
